
Microsoft Visual Studio Solution File, Format Version 12.00
# Visual Studio Version 16
VisualStudioVersion = 16.0.32228.343
MinimumVisualStudioVersion = 10.0.40219.1
Project("{FAE04EC0-301F-11D3-BF4B-00C04F79EFBC}") = "Beecrowd_1009", "Beecrowd_1009\Beecrowd_1009.csproj", "{0F16FC9D-80F1-476D-84EA-D4AE3D79E105}"
EndProject
Global
	GlobalSection(SolutionConfigurationPlatforms) = preSolution
		Debug|Any CPU = Debug|Any CPU
		Release|Any CPU = Release|Any CPU
	EndGlobalSection
	GlobalSection(ProjectConfigurationPlatforms) = postSolution
		{0F16FC9D-80F1-476D-84EA-D4AE3D79E105}.Debug|Any CPU.ActiveCfg = Debug|Any CPU
		{0F16FC9D-80F1-476D-84EA-D4AE3D79E105}.Debug|Any CPU.Build.0 = Debug|Any CPU
		{0F16FC9D-80F1-476D-84EA-D4AE3D79E105}.Release|Any CPU.ActiveCfg = Release|Any CPU
		{0F16FC9D-80F1-476D-84EA-D4AE3D79E105}.Release|Any CPU.Build.0 = Release|Any CPU
	EndGlobalSection
	GlobalSection(SolutionProperties) = preSolution
		HideSolutionNode = FALSE
	EndGlobalSection
	GlobalSection(ExtensibilityGlobals) = postSolution
		SolutionGuid = {B11277A7-AEC8-4D91-8885-0F790C5F7497}
	EndGlobalSection
EndGlobal
