
Microsoft Visual Studio Solution File, Format Version 12.00
# Visual Studio Version 16
VisualStudioVersion = 16.0.32228.343
MinimumVisualStudioVersion = 10.0.40219.1
Project("{FAE04EC0-301F-11D3-BF4B-00C04F79EFBC}") = "Beecrowd_1035", "Beecrowd_1035\Beecrowd_1035.csproj", "{52202E64-072F-4ED2-932D-3D822A6AFC4E}"
EndProject
Global
	GlobalSection(SolutionConfigurationPlatforms) = preSolution
		Debug|Any CPU = Debug|Any CPU
		Release|Any CPU = Release|Any CPU
	EndGlobalSection
	GlobalSection(ProjectConfigurationPlatforms) = postSolution
		{52202E64-072F-4ED2-932D-3D822A6AFC4E}.Debug|Any CPU.ActiveCfg = Debug|Any CPU
		{52202E64-072F-4ED2-932D-3D822A6AFC4E}.Debug|Any CPU.Build.0 = Debug|Any CPU
		{52202E64-072F-4ED2-932D-3D822A6AFC4E}.Release|Any CPU.ActiveCfg = Release|Any CPU
		{52202E64-072F-4ED2-932D-3D822A6AFC4E}.Release|Any CPU.Build.0 = Release|Any CPU
	EndGlobalSection
	GlobalSection(SolutionProperties) = preSolution
		HideSolutionNode = FALSE
	EndGlobalSection
	GlobalSection(ExtensibilityGlobals) = postSolution
		SolutionGuid = {90E4E49E-5C71-4357-818E-9254055067D4}
	EndGlobalSection
EndGlobal
