
Microsoft Visual Studio Solution File, Format Version 12.00
# Visual Studio Version 16
VisualStudioVersion = 16.0.32228.343
MinimumVisualStudioVersion = 10.0.40219.1
Project("{FAE04EC0-301F-11D3-BF4B-00C04F79EFBC}") = "Beecrowd_1019", "Beecrowd_1019\Beecrowd_1019.csproj", "{8C496F90-5CBA-41EF-937E-371F4F845EDB}"
EndProject
Global
	GlobalSection(SolutionConfigurationPlatforms) = preSolution
		Debug|Any CPU = Debug|Any CPU
		Release|Any CPU = Release|Any CPU
	EndGlobalSection
	GlobalSection(ProjectConfigurationPlatforms) = postSolution
		{8C496F90-5CBA-41EF-937E-371F4F845EDB}.Debug|Any CPU.ActiveCfg = Debug|Any CPU
		{8C496F90-5CBA-41EF-937E-371F4F845EDB}.Debug|Any CPU.Build.0 = Debug|Any CPU
		{8C496F90-5CBA-41EF-937E-371F4F845EDB}.Release|Any CPU.ActiveCfg = Release|Any CPU
		{8C496F90-5CBA-41EF-937E-371F4F845EDB}.Release|Any CPU.Build.0 = Release|Any CPU
	EndGlobalSection
	GlobalSection(SolutionProperties) = preSolution
		HideSolutionNode = FALSE
	EndGlobalSection
	GlobalSection(ExtensibilityGlobals) = postSolution
		SolutionGuid = {03DCD1B6-C315-4EE9-AA74-3A455770008A}
	EndGlobalSection
EndGlobal
