
Microsoft Visual Studio Solution File, Format Version 12.00
# Visual Studio Version 16
VisualStudioVersion = 16.0.32228.343
MinimumVisualStudioVersion = 10.0.40219.1
Project("{FAE04EC0-301F-11D3-BF4B-00C04F79EFBC}") = "Beecrowd_1044", "Beecrowd_1044.csproj", "{D879E068-E48B-4E2E-93CB-F0CD12E6D818}"
EndProject
Global
	GlobalSection(SolutionConfigurationPlatforms) = preSolution
		Debug|Any CPU = Debug|Any CPU
		Release|Any CPU = Release|Any CPU
	EndGlobalSection
	GlobalSection(ProjectConfigurationPlatforms) = postSolution
		{D879E068-E48B-4E2E-93CB-F0CD12E6D818}.Debug|Any CPU.ActiveCfg = Debug|Any CPU
		{D879E068-E48B-4E2E-93CB-F0CD12E6D818}.Debug|Any CPU.Build.0 = Debug|Any CPU
		{D879E068-E48B-4E2E-93CB-F0CD12E6D818}.Release|Any CPU.ActiveCfg = Release|Any CPU
		{D879E068-E48B-4E2E-93CB-F0CD12E6D818}.Release|Any CPU.Build.0 = Release|Any CPU
	EndGlobalSection
	GlobalSection(SolutionProperties) = preSolution
		HideSolutionNode = FALSE
	EndGlobalSection
	GlobalSection(ExtensibilityGlobals) = postSolution
		SolutionGuid = {4CDC8E28-670A-4BBC-9ADC-C8386316FCAC}
	EndGlobalSection
EndGlobal
