
Microsoft Visual Studio Solution File, Format Version 12.00
# Visual Studio Version 16
VisualStudioVersion = 16.0.32228.343
MinimumVisualStudioVersion = 10.0.40219.1
Project("{FAE04EC0-301F-11D3-BF4B-00C04F79EFBC}") = "Beecrowd_1011", "Beecrowd_1011\Beecrowd_1011.csproj", "{EBB8C401-82F3-49FC-A42F-A589BC8F7190}"
EndProject
Global
	GlobalSection(SolutionConfigurationPlatforms) = preSolution
		Debug|Any CPU = Debug|Any CPU
		Release|Any CPU = Release|Any CPU
	EndGlobalSection
	GlobalSection(ProjectConfigurationPlatforms) = postSolution
		{EBB8C401-82F3-49FC-A42F-A589BC8F7190}.Debug|Any CPU.ActiveCfg = Debug|Any CPU
		{EBB8C401-82F3-49FC-A42F-A589BC8F7190}.Debug|Any CPU.Build.0 = Debug|Any CPU
		{EBB8C401-82F3-49FC-A42F-A589BC8F7190}.Release|Any CPU.ActiveCfg = Release|Any CPU
		{EBB8C401-82F3-49FC-A42F-A589BC8F7190}.Release|Any CPU.Build.0 = Release|Any CPU
	EndGlobalSection
	GlobalSection(SolutionProperties) = preSolution
		HideSolutionNode = FALSE
	EndGlobalSection
	GlobalSection(ExtensibilityGlobals) = postSolution
		SolutionGuid = {8A2183BE-FB9C-4F27-810F-E00DF4349CC7}
	EndGlobalSection
EndGlobal
