
Microsoft Visual Studio Solution File, Format Version 12.00
# Visual Studio Version 16
VisualStudioVersion = 16.0.32228.343
MinimumVisualStudioVersion = 10.0.40219.1
Project("{FAE04EC0-301F-11D3-BF4B-00C04F79EFBC}") = "Beecrowd_1008", "Beecrowd_1008\Beecrowd_1008.csproj", "{1B813A67-2EAD-4E8C-A19A-7382F797D97D}"
EndProject
Global
	GlobalSection(SolutionConfigurationPlatforms) = preSolution
		Debug|Any CPU = Debug|Any CPU
		Release|Any CPU = Release|Any CPU
	EndGlobalSection
	GlobalSection(ProjectConfigurationPlatforms) = postSolution
		{1B813A67-2EAD-4E8C-A19A-7382F797D97D}.Debug|Any CPU.ActiveCfg = Debug|Any CPU
		{1B813A67-2EAD-4E8C-A19A-7382F797D97D}.Debug|Any CPU.Build.0 = Debug|Any CPU
		{1B813A67-2EAD-4E8C-A19A-7382F797D97D}.Release|Any CPU.ActiveCfg = Release|Any CPU
		{1B813A67-2EAD-4E8C-A19A-7382F797D97D}.Release|Any CPU.Build.0 = Release|Any CPU
	EndGlobalSection
	GlobalSection(SolutionProperties) = preSolution
		HideSolutionNode = FALSE
	EndGlobalSection
	GlobalSection(ExtensibilityGlobals) = postSolution
		SolutionGuid = {E31A5A65-145E-4F6C-BFD8-476D8A9A815A}
	EndGlobalSection
EndGlobal
