
Microsoft Visual Studio Solution File, Format Version 12.00
# Visual Studio Version 16
VisualStudioVersion = 16.0.32228.343
MinimumVisualStudioVersion = 10.0.40219.1
Project("{FAE04EC0-301F-11D3-BF4B-00C04F79EFBC}") = "Beecrowd_1046", "Beecrowd_1046.csproj", "{82252B7C-9490-4B0C-BC6F-93B31934AE0F}"
EndProject
Global
	GlobalSection(SolutionConfigurationPlatforms) = preSolution
		Debug|Any CPU = Debug|Any CPU
		Release|Any CPU = Release|Any CPU
	EndGlobalSection
	GlobalSection(ProjectConfigurationPlatforms) = postSolution
		{82252B7C-9490-4B0C-BC6F-93B31934AE0F}.Debug|Any CPU.ActiveCfg = Debug|Any CPU
		{82252B7C-9490-4B0C-BC6F-93B31934AE0F}.Debug|Any CPU.Build.0 = Debug|Any CPU
		{82252B7C-9490-4B0C-BC6F-93B31934AE0F}.Release|Any CPU.ActiveCfg = Release|Any CPU
		{82252B7C-9490-4B0C-BC6F-93B31934AE0F}.Release|Any CPU.Build.0 = Release|Any CPU
	EndGlobalSection
	GlobalSection(SolutionProperties) = preSolution
		HideSolutionNode = FALSE
	EndGlobalSection
	GlobalSection(ExtensibilityGlobals) = postSolution
		SolutionGuid = {DE3DAE4D-4043-4DFA-AEDB-AA65B01B41F1}
	EndGlobalSection
EndGlobal
