
Microsoft Visual Studio Solution File, Format Version 12.00
# Visual Studio Version 16
VisualStudioVersion = 16.0.32228.343
MinimumVisualStudioVersion = 10.0.40219.1
Project("{FAE04EC0-301F-11D3-BF4B-00C04F79EFBC}") = "Beecrowd_1003", "Soma_Simples\Beecrowd_1003.csproj", "{C7EDD96A-9D98-4FEE-A87B-DBE9115808E3}"
EndProject
Global
	GlobalSection(SolutionConfigurationPlatforms) = preSolution
		Debug|Any CPU = Debug|Any CPU
		Release|Any CPU = Release|Any CPU
	EndGlobalSection
	GlobalSection(ProjectConfigurationPlatforms) = postSolution
		{C7EDD96A-9D98-4FEE-A87B-DBE9115808E3}.Debug|Any CPU.ActiveCfg = Debug|Any CPU
		{C7EDD96A-9D98-4FEE-A87B-DBE9115808E3}.Debug|Any CPU.Build.0 = Debug|Any CPU
		{C7EDD96A-9D98-4FEE-A87B-DBE9115808E3}.Release|Any CPU.ActiveCfg = Release|Any CPU
		{C7EDD96A-9D98-4FEE-A87B-DBE9115808E3}.Release|Any CPU.Build.0 = Release|Any CPU
	EndGlobalSection
	GlobalSection(SolutionProperties) = preSolution
		HideSolutionNode = FALSE
	EndGlobalSection
	GlobalSection(ExtensibilityGlobals) = postSolution
		SolutionGuid = {39C42D52-BA2D-4581-9A74-FBB8B63DF43A}
	EndGlobalSection
EndGlobal
