
Microsoft Visual Studio Solution File, Format Version 12.00
# Visual Studio Version 16
VisualStudioVersion = 16.0.32228.343
MinimumVisualStudioVersion = 10.0.40219.1
Project("{FAE04EC0-301F-11D3-BF4B-00C04F79EFBC}") = "Beecrowd_1038", "Beecrowd_1038\Beecrowd_1038.csproj", "{4A1E195C-5A0C-485A-9016-691D640DBE90}"
EndProject
Global
	GlobalSection(SolutionConfigurationPlatforms) = preSolution
		Debug|Any CPU = Debug|Any CPU
		Release|Any CPU = Release|Any CPU
	EndGlobalSection
	GlobalSection(ProjectConfigurationPlatforms) = postSolution
		{4A1E195C-5A0C-485A-9016-691D640DBE90}.Debug|Any CPU.ActiveCfg = Debug|Any CPU
		{4A1E195C-5A0C-485A-9016-691D640DBE90}.Debug|Any CPU.Build.0 = Debug|Any CPU
		{4A1E195C-5A0C-485A-9016-691D640DBE90}.Release|Any CPU.ActiveCfg = Release|Any CPU
		{4A1E195C-5A0C-485A-9016-691D640DBE90}.Release|Any CPU.Build.0 = Release|Any CPU
	EndGlobalSection
	GlobalSection(SolutionProperties) = preSolution
		HideSolutionNode = FALSE
	EndGlobalSection
	GlobalSection(ExtensibilityGlobals) = postSolution
		SolutionGuid = {5F47499C-13F5-44F6-AE47-993E5CFF1C9D}
	EndGlobalSection
EndGlobal
