
Microsoft Visual Studio Solution File, Format Version 12.00
# Visual Studio Version 16
VisualStudioVersion = 16.0.32228.343
MinimumVisualStudioVersion = 10.0.40219.1
Project("{FAE04EC0-301F-11D3-BF4B-00C04F79EFBC}") = "Beecrowd_1041", "Beecrowd_1041.csproj", "{ADC5DFE7-67B1-4D18-98FE-572CF8FFC4BF}"
EndProject
Global
	GlobalSection(SolutionConfigurationPlatforms) = preSolution
		Debug|Any CPU = Debug|Any CPU
		Release|Any CPU = Release|Any CPU
	EndGlobalSection
	GlobalSection(ProjectConfigurationPlatforms) = postSolution
		{ADC5DFE7-67B1-4D18-98FE-572CF8FFC4BF}.Debug|Any CPU.ActiveCfg = Debug|Any CPU
		{ADC5DFE7-67B1-4D18-98FE-572CF8FFC4BF}.Debug|Any CPU.Build.0 = Debug|Any CPU
		{ADC5DFE7-67B1-4D18-98FE-572CF8FFC4BF}.Release|Any CPU.ActiveCfg = Release|Any CPU
		{ADC5DFE7-67B1-4D18-98FE-572CF8FFC4BF}.Release|Any CPU.Build.0 = Release|Any CPU
	EndGlobalSection
	GlobalSection(SolutionProperties) = preSolution
		HideSolutionNode = FALSE
	EndGlobalSection
	GlobalSection(ExtensibilityGlobals) = postSolution
		SolutionGuid = {7CE78160-B0CA-4209-A0C4-28F7AF459122}
	EndGlobalSection
EndGlobal
