
Microsoft Visual Studio Solution File, Format Version 12.00
# Visual Studio Version 16
VisualStudioVersion = 16.0.32228.343
MinimumVisualStudioVersion = 10.0.40219.1
Project("{FAE04EC0-301F-11D3-BF4B-00C04F79EFBC}") = "Beecrowd_1048", "Beecrowd_1048.csproj", "{8F98876B-7271-4D4B-8757-0931CCD7A650}"
EndProject
Global
	GlobalSection(SolutionConfigurationPlatforms) = preSolution
		Debug|Any CPU = Debug|Any CPU
		Release|Any CPU = Release|Any CPU
	EndGlobalSection
	GlobalSection(ProjectConfigurationPlatforms) = postSolution
		{8F98876B-7271-4D4B-8757-0931CCD7A650}.Debug|Any CPU.ActiveCfg = Debug|Any CPU
		{8F98876B-7271-4D4B-8757-0931CCD7A650}.Debug|Any CPU.Build.0 = Debug|Any CPU
		{8F98876B-7271-4D4B-8757-0931CCD7A650}.Release|Any CPU.ActiveCfg = Release|Any CPU
		{8F98876B-7271-4D4B-8757-0931CCD7A650}.Release|Any CPU.Build.0 = Release|Any CPU
	EndGlobalSection
	GlobalSection(SolutionProperties) = preSolution
		HideSolutionNode = FALSE
	EndGlobalSection
	GlobalSection(ExtensibilityGlobals) = postSolution
		SolutionGuid = {8CCE52EE-57F4-44F2-BB2C-5D34452F461F}
	EndGlobalSection
EndGlobal
