
Microsoft Visual Studio Solution File, Format Version 12.00
# Visual Studio Version 16
VisualStudioVersion = 16.0.32228.343
MinimumVisualStudioVersion = 10.0.40219.1
Project("{FAE04EC0-301F-11D3-BF4B-00C04F79EFBC}") = "Beecrowd_1036", "Beecrowd_1036\Beecrowd_1036.csproj", "{DACE92D2-1FC0-4E55-833B-72EC831526DF}"
EndProject
Global
	GlobalSection(SolutionConfigurationPlatforms) = preSolution
		Debug|Any CPU = Debug|Any CPU
		Release|Any CPU = Release|Any CPU
	EndGlobalSection
	GlobalSection(ProjectConfigurationPlatforms) = postSolution
		{DACE92D2-1FC0-4E55-833B-72EC831526DF}.Debug|Any CPU.ActiveCfg = Debug|Any CPU
		{DACE92D2-1FC0-4E55-833B-72EC831526DF}.Debug|Any CPU.Build.0 = Debug|Any CPU
		{DACE92D2-1FC0-4E55-833B-72EC831526DF}.Release|Any CPU.ActiveCfg = Release|Any CPU
		{DACE92D2-1FC0-4E55-833B-72EC831526DF}.Release|Any CPU.Build.0 = Release|Any CPU
	EndGlobalSection
	GlobalSection(SolutionProperties) = preSolution
		HideSolutionNode = FALSE
	EndGlobalSection
	GlobalSection(ExtensibilityGlobals) = postSolution
		SolutionGuid = {51D076F8-A29D-45DB-8DA6-A1C6F4A12D25}
	EndGlobalSection
EndGlobal
