
Microsoft Visual Studio Solution File, Format Version 12.00
# Visual Studio Version 16
VisualStudioVersion = 16.0.32228.343
MinimumVisualStudioVersion = 10.0.40219.1
Project("{FAE04EC0-301F-11D3-BF4B-00C04F79EFBC}") = "Beecrowd_1017", "Beecrowd_1017\Beecrowd_1017.csproj", "{C4541CA6-170E-4AC8-804B-4BBB038F3CE3}"
EndProject
Global
	GlobalSection(SolutionConfigurationPlatforms) = preSolution
		Debug|Any CPU = Debug|Any CPU
		Release|Any CPU = Release|Any CPU
	EndGlobalSection
	GlobalSection(ProjectConfigurationPlatforms) = postSolution
		{C4541CA6-170E-4AC8-804B-4BBB038F3CE3}.Debug|Any CPU.ActiveCfg = Debug|Any CPU
		{C4541CA6-170E-4AC8-804B-4BBB038F3CE3}.Debug|Any CPU.Build.0 = Debug|Any CPU
		{C4541CA6-170E-4AC8-804B-4BBB038F3CE3}.Release|Any CPU.ActiveCfg = Release|Any CPU
		{C4541CA6-170E-4AC8-804B-4BBB038F3CE3}.Release|Any CPU.Build.0 = Release|Any CPU
	EndGlobalSection
	GlobalSection(SolutionProperties) = preSolution
		HideSolutionNode = FALSE
	EndGlobalSection
	GlobalSection(ExtensibilityGlobals) = postSolution
		SolutionGuid = {7EB91287-0C07-425F-96A0-B8C87072F6C0}
	EndGlobalSection
EndGlobal
